
Microsoft Visual Studio Solution File, Format Version 12.00
# Visual Studio Version 16
VisualStudioVersion = 16.0.29926.136
MinimumVisualStudioVersion = 10.0.40219.1
Project("{FAE04EC0-301F-11D3-BF4B-00C04F79EFBC}") = "DEUFit", "DEUFit\DEUFit.csproj", "{4692D586-8A70-4718-9BD2-9174487CF6BA}"
EndProject
Global
	GlobalSection(SolutionConfigurationPlatforms) = preSolution
		Debug|Any CPU = Debug|Any CPU
		Release|Any CPU = Release|Any CPU
	EndGlobalSection
	GlobalSection(ProjectConfigurationPlatforms) = postSolution
		{4692D586-8A70-4718-9BD2-9174487CF6BA}.Debug|Any CPU.ActiveCfg = Debug|Any CPU
		{4692D586-8A70-4718-9BD2-9174487CF6BA}.Debug|Any CPU.Build.0 = Debug|Any CPU
		{4692D586-8A70-4718-9BD2-9174487CF6BA}.Release|Any CPU.ActiveCfg = Release|Any CPU
		{4692D586-8A70-4718-9BD2-9174487CF6BA}.Release|Any CPU.Build.0 = Release|Any CPU
	EndGlobalSection
	GlobalSection(SolutionProperties) = preSolution
		HideSolutionNode = FALSE
	EndGlobalSection
	GlobalSection(ExtensibilityGlobals) = postSolution
		SolutionGuid = {3F7248BF-2EDE-45F3-998F-833D0C5E0241}
	EndGlobalSection
EndGlobal
